
Microsoft Visual Studio Solution File, Format Version 12.00
# Visual Studio Version 17
VisualStudioVersion = 17.11.35222.181
MinimumVisualStudioVersion = 10.0.40219.1
Project("{FAE04EC0-301F-11D3-BF4B-00C04F79EFBC}") = "D_232410101032_UTSPBO", "D_232410101032_UTSPBO.csproj", "{CF262D5C-4C2E-41ED-A3D9-18AA4FC97723}"
EndProject
Global
	GlobalSection(SolutionConfigurationPlatforms) = preSolution
		Debug|Any CPU = Debug|Any CPU
		Release|Any CPU = Release|Any CPU
	EndGlobalSection
	GlobalSection(ProjectConfigurationPlatforms) = postSolution
		{CF262D5C-4C2E-41ED-A3D9-18AA4FC97723}.Debug|Any CPU.ActiveCfg = Debug|Any CPU
		{CF262D5C-4C2E-41ED-A3D9-18AA4FC97723}.Debug|Any CPU.Build.0 = Debug|Any CPU
		{CF262D5C-4C2E-41ED-A3D9-18AA4FC97723}.Release|Any CPU.ActiveCfg = Release|Any CPU
		{CF262D5C-4C2E-41ED-A3D9-18AA4FC97723}.Release|Any CPU.Build.0 = Release|Any CPU
	EndGlobalSection
	GlobalSection(SolutionProperties) = preSolution
		HideSolutionNode = FALSE
	EndGlobalSection
	GlobalSection(ExtensibilityGlobals) = postSolution
		SolutionGuid = {6A9719A6-DECB-44E3-850A-76D889C59EBD}
	EndGlobalSection
EndGlobal
